Microsoft Visual Studio Solution File, Format Version 12.00
# Visual Studio 2012
Project("{B23EFC48-AD0D-42C2-2994-49183AD00649}") = "Cats and Rats", "Assembly-CSharp.csproj", "{3DAF8DCE-A3E2-73A9-BC2F-273300F78784}"
EndProject
Project("{B23EFC48-AD0D-42C2-2994-49183AD00649}") = "Cats and Rats", "Assembly-CSharp-Editor-firstpass.csproj", "{51D8308E-B321-94A5-8802-25D7E0592316}"
EndProject
Project("{B23EFC48-AD0D-42C2-2994-49183AD00649}") = "Cats and Rats", "Assembly-CSharp-Editor.csproj", "{7349D3E5-9F29-1460-F2C6-7EFA75DF519E}"
EndProject
Global
	GlobalSection(SolutionConfigurationPlatforms) = preSolution
		Debug|Any CPU = Debug|Any CPU
		Release|Any CPU = Release|Any CPU
	EndGlobalSection
	GlobalSection(ProjectConfigurationPlatforms) = postSolution
		{3DAF8DCE-A3E2-73A9-BC2F-273300F78784}.Debug|Any CPU.ActiveCfg = Debug|Any CPU
		{3DAF8DCE-A3E2-73A9-BC2F-273300F78784}.Debug|Any CPU.Build.0 = Debug|Any CPU
		{3DAF8DCE-A3E2-73A9-BC2F-273300F78784}.Release|Any CPU.ActiveCfg = Release|Any CPU
		{3DAF8DCE-A3E2-73A9-BC2F-273300F78784}.Release|Any CPU.Build.0 = Release|Any CPU
		{51D8308E-B321-94A5-8802-25D7E0592316}.Debug|Any CPU.ActiveCfg = Debug|Any CPU
		{51D8308E-B321-94A5-8802-25D7E0592316}.Debug|Any CPU.Build.0 = Debug|Any CPU
		{51D8308E-B321-94A5-8802-25D7E0592316}.Release|Any CPU.ActiveCfg = Release|Any CPU
		{51D8308E-B321-94A5-8802-25D7E0592316}.Release|Any CPU.Build.0 = Release|Any CPU
		{7349D3E5-9F29-1460-F2C6-7EFA75DF519E}.Debug|Any CPU.ActiveCfg = Debug|Any CPU
		{7349D3E5-9F29-1460-F2C6-7EFA75DF519E}.Debug|Any CPU.Build.0 = Debug|Any CPU
		{7349D3E5-9F29-1460-F2C6-7EFA75DF519E}.Release|Any CPU.ActiveCfg = Release|Any CPU
		{7349D3E5-9F29-1460-F2C6-7EFA75DF519E}.Release|Any CPU.Build.0 = Release|Any CPU
	EndGlobalSection
EndGlobal
